
Microsoft Visual Studio Solution File, Format Version 11.00
# Visual Studio 2010
Project("{FAE04EC0-301F-11D3-BF4B-00C04F79EFBC}") = "Assembly-CSharp-Editor", "Assembly-CSharp-Editor.csproj", "{DA1EDF68-7CC3-01BA-F896-E02B056DC565}"
EndProject
Project("{FAE04EC0-301F-11D3-BF4B-00C04F79EFBC}") = "BaseOsmLib", "BaseOsmLib\BaseOsmLib.csproj", "{C9878730-3996-47AC-B71A-0F68E86D8339}"
EndProject
Global
	GlobalSection(SolutionConfigurationPlatforms) = preSolution
		Debug|Any CPU = Debug|Any CPU
		Release|Any CPU = Release|Any CPU
	EndGlobalSection
	GlobalSection(ProjectConfigurationPlatforms) = postSolution
		{C9878730-3996-47AC-B71A-0F68E86D8339}.Debug|Any CPU.ActiveCfg = Debug|Any CPU
		{C9878730-3996-47AC-B71A-0F68E86D8339}.Debug|Any CPU.Build.0 = Debug|Any CPU
		{C9878730-3996-47AC-B71A-0F68E86D8339}.Release|Any CPU.ActiveCfg = Release|Any CPU
		{C9878730-3996-47AC-B71A-0F68E86D8339}.Release|Any CPU.Build.0 = Release|Any CPU
		{DA1EDF68-7CC3-01BA-F896-E02B056DC565}.Debug|Any CPU.ActiveCfg = Debug|Any CPU
		{DA1EDF68-7CC3-01BA-F896-E02B056DC565}.Debug|Any CPU.Build.0 = Debug|Any CPU
		{DA1EDF68-7CC3-01BA-F896-E02B056DC565}.Release|Any CPU.ActiveCfg = Release|Any CPU
		{DA1EDF68-7CC3-01BA-F896-E02B056DC565}.Release|Any CPU.Build.0 = Release|Any CPU
	EndGlobalSection
	GlobalSection(SolutionProperties) = preSolution
		HideSolutionNode = FALSE
	EndGlobalSection
EndGlobal
